
Microsoft Visual Studio Solution File, Format Version 12.00
# Visual Studio Version 17
VisualStudioVersion = 17.0.31903.59
MinimumVisualStudioVersion = 10.0.40219.1
Project("{FAE04EC0-301F-11D3-BF4B-00C04F79EFBC}") = "Yathzee.Application", "src\Application\src\Yathzee.Application.csproj", "{E86B7D59-DECC-484F-B43D-263205A3BD4E}"
EndProject
Project("{FAE04EC0-301F-11D3-BF4B-00C04F79EFBC}") = "Yathzee.Application.Tests", "src\Application\tests\Yathzee.Application.Tests.csproj", "{0778F8AE-1D41-4DA1-9185-734A3A1CFAD2}"
EndProject
Global
	GlobalSection(SolutionConfigurationPlatforms) = preSolution
		Debug|Any CPU = Debug|Any CPU
		Debug|x64 = Debug|x64
		Debug|x86 = Debug|x86
		Release|Any CPU = Release|Any CPU
		Release|x64 = Release|x64
		Release|x86 = Release|x86
	EndGlobalSection
	GlobalSection(ProjectConfigurationPlatforms) = postSolution
		{E86B7D59-DECC-484F-B43D-263205A3BD4E}.Debug|Any CPU.ActiveCfg = Debug|Any CPU
		{E86B7D59-DECC-484F-B43D-263205A3BD4E}.Debug|Any CPU.Build.0 = Debug|Any CPU
		{E86B7D59-DECC-484F-B43D-263205A3BD4E}.Debug|x64.ActiveCfg = Debug|Any CPU
		{E86B7D59-DECC-484F-B43D-263205A3BD4E}.Debug|x64.Build.0 = Debug|Any CPU
		{E86B7D59-DECC-484F-B43D-263205A3BD4E}.Debug|x86.ActiveCfg = Debug|Any CPU
		{E86B7D59-DECC-484F-B43D-263205A3BD4E}.Debug|x86.Build.0 = Debug|Any CPU
		{E86B7D59-DECC-484F-B43D-263205A3BD4E}.Release|Any CPU.ActiveCfg = Release|Any CPU
		{E86B7D59-DECC-484F-B43D-263205A3BD4E}.Release|Any CPU.Build.0 = Release|Any CPU
		{E86B7D59-DECC-484F-B43D-263205A3BD4E}.Release|x64.ActiveCfg = Release|Any CPU
		{E86B7D59-DECC-484F-B43D-263205A3BD4E}.Release|x64.Build.0 = Release|Any CPU
		{E86B7D59-DECC-484F-B43D-263205A3BD4E}.Release|x86.ActiveCfg = Release|Any CPU
		{E86B7D59-DECC-484F-B43D-263205A3BD4E}.Release|x86.Build.0 = Release|Any CPU
		{0778F8AE-1D41-4DA1-9185-734A3A1CFAD2}.Debug|Any CPU.ActiveCfg = Debug|Any CPU
		{0778F8AE-1D41-4DA1-9185-734A3A1CFAD2}.Debug|Any CPU.Build.0 = Debug|Any CPU
		{0778F8AE-1D41-4DA1-9185-734A3A1CFAD2}.Debug|x64.ActiveCfg = Debug|Any CPU
		{0778F8AE-1D41-4DA1-9185-734A3A1CFAD2}.Debug|x64.Build.0 = Debug|Any CPU
		{0778F8AE-1D41-4DA1-9185-734A3A1CFAD2}.Debug|x86.ActiveCfg = Debug|Any CPU
		{0778F8AE-1D41-4DA1-9185-734A3A1CFAD2}.Debug|x86.Build.0 = Debug|Any CPU
		{0778F8AE-1D41-4DA1-9185-734A3A1CFAD2}.Release|Any CPU.ActiveCfg = Release|Any CPU
		{0778F8AE-1D41-4DA1-9185-734A3A1CFAD2}.Release|Any CPU.Build.0 = Release|Any CPU
		{0778F8AE-1D41-4DA1-9185-734A3A1CFAD2}.Release|x64.ActiveCfg = Release|Any CPU
		{0778F8AE-1D41-4DA1-9185-734A3A1CFAD2}.Release|x64.Build.0 = Release|Any CPU
		{0778F8AE-1D41-4DA1-9185-734A3A1CFAD2}.Release|x86.ActiveCfg = Release|Any CPU
		{0778F8AE-1D41-4DA1-9185-734A3A1CFAD2}.Release|x86.Build.0 = Release|Any CPU
	EndGlobalSection
EndGlobal
